{
  "name": "experior",
  "version": "0.0.1",
  "lockfileVersion": 1,
  "requires": true,
  "dependencies": {
    "ansi-colors": {
      "version": "3.2.4",
      "resolved": "https://registry.npmjs.org/ansi-colors/-/ansi-colors-3.2.4.tgz",
      "integrity": "sha512-hHUXGagefjN2iRrID63xckIvotOXOojhQKWIPUZ4mNUZ9nLZW+7FMNoE1lOkEhNWYsx/7ysGIuJYCiMAA9FnrA=="
    },
    "isaac": {
      "version": "0.0.5",
      "resolved": "https://registry.npmjs.org/isaac/-/isaac-0.0.5.tgz",
      "integrity": "sha1-pPKSIpqL324zkAo+uLQgGlf/LYk="
    },
    "minicle": {
      "version": "0.0.1",
      "resolved": "https://registry.npmjs.org/minicle/-/minicle-0.0.1.tgz",
      "integrity": "sha512-ZLz6Vz7XZoIPwd6I84RlMUnnOxMlGssK7tKHT2dsPE8Ss/80DvEpgvH67kX/gN/gpwxWs+e6QPSxPY1+wakQSA=="
    }
  }
}
